// !$*UTF8*$!
{
	archiveVersion = 1;
	classes = {
	};
	objectVersion = 50;
	objects = {

/* Begin PBXBuildFile section */
		D13721A421D19CB300E38A88 /* WeekOutlineTableViewCell.swift in Sources */ = {isa = PBXBuildFile; fileRef = D13721A321D19CB300E38A88 /* WeekOutlineTableViewCell.swift */; };
		D138CC9221DAB1A200CA4190 /* PracticesCollectionViewController.swift in Sources */ = {isa = PBXBuildFile; fileRef = D138CC9121DAB1A200CA4190 /* PracticesCollectionViewController.swift */; };
		D13D595021CAE9B7004FBEC1 /* MBSR.swift in Sources */ = {isa = PBXBuildFile; fileRef = D13D594F21CAE9B7004FBEC1 /* MBSR.swift */; };
		D13F64A621C5A027000029E9 /* AppDelegate.swift in Sources */ = {isa = PBXBuildFile; fileRef = D13F64A521C5A027000029E9 /* AppDelegate.swift */; };
		D13F64AB21C5A027000029E9 /* Main.storyboard in Resources */ = {isa = PBXBuildFile; fileRef = D13F64A921C5A027000029E9 /* Main.storyboard */; };
		D13F64AE21C5A027000029E9 /* MBSR-Model.xcdatamodeld in Sources */ = {isa = PBXBuildFile; fileRef = D13F64AC21C5A027000029E9 /* MBSR-Model.xcdatamodeld */; };
		D13F64B021C5A028000029E9 /* Assets.xcassets in Resources */ = {isa = PBXBuildFile; fileRef = D13F64AF21C5A028000029E9 /* Assets.xcassets */; };
		D13F64B321C5A028000029E9 /* LaunchScreen.storyboard in Resources */ = {isa = PBXBuildFile; fileRef = D13F64B121C5A028000029E9 /* LaunchScreen.storyboard */; };
		D13F64BE21C6B3E8000029E9 /* CoreData.swift in Sources */ = {isa = PBXBuildFile; fileRef = D13F64BD21C6B3E8000029E9 /* CoreData.swift */; };
		D178E8C121CAF1020060B038 /* WeekTableViewController.swift in Sources */ = {isa = PBXBuildFile; fileRef = D178E8C021CAF1020060B038 /* WeekTableViewController.swift */; };
		D178E8C321CAF2990060B038 /* WeekTableViewCell.swift in Sources */ = {isa = PBXBuildFile; fileRef = D178E8C221CAF2990060B038 /* WeekTableViewCell.swift */; };
		D178E8C521CAF4890060B038 /* WeekDetailViewController.swift in Sources */ = {isa = PBXBuildFile; fileRef = D178E8C421CAF4890060B038 /* WeekDetailViewController.swift */; };
		D178E8C721CAF75C0060B038 /* data.json in Resources */ = {isa = PBXBuildFile; fileRef = D178E8C621CAF75C0060B038 /* data.json */; };
		D1A874DA21CF280900434BEB /* MSBRContent.swift in Sources */ = {isa = PBXBuildFile; fileRef = D1A874D921CF280900434BEB /* MSBRContent.swift */; };
		D1A874DC21CF422000434BEB /* WeekOutlineTableView.swift in Sources */ = {isa = PBXBuildFile; fileRef = D1A874DB21CF422000434BEB /* WeekOutlineTableView.swift */; };
		D1A874DE21CF42A200434BEB /* WeekOutlineTableViewDelegate.swift in Sources */ = {isa = PBXBuildFile; fileRef = D1A874DD21CF42A200434BEB /* WeekOutlineTableViewDelegate.swift */; };
/* End PBXBuildFile section */

/* Begin PBXFileReference section */
		D13721A321D19CB300E38A88 /* WeekOutlineTableViewCell.swift */ = {isa = PBXFileReference; lastKnownFileType = sourcecode.swift; path = WeekOutlineTableViewCell.swift; sourceTree = "<group>"; };
		D138CC9121DAB1A200CA4190 /* PracticesCollectionViewController.swift */ = {isa = PBXFileReference; lastKnownFileType = sourcecode.swift; path = PracticesCollectionViewController.swift; sourceTree = "<group>"; };
		D13D594F21CAE9B7004FBEC1 /* MBSR.swift */ = {isa = PBXFileReference; lastKnownFileType = sourcecode.swift; path = MBSR.swift; sourceTree = "<group>"; };
		D13F64A221C5A027000029E9 /* MBSR-App.app */ = {isa = PBXFileReference; explicitFileType = wrapper.application; includeInIndex = 0; path = "MBSR-App.app"; sourceTree = BUILT_PRODUCTS_DIR; };
		D13F64A521C5A027000029E9 /* AppDelegate.swift */ = {isa = PBXFileReference; lastKnownFileType = sourcecode.swift; path = AppDelegate.swift; sourceTree = "<group>"; };
		D13F64AA21C5A027000029E9 /* Base */ = {isa = PBXFileReference; lastKnownFileType = file.storyboard; name = Base; path = Base.lproj/Main.storyboard; sourceTree = "<group>"; };
		D13F64AD21C5A027000029E9 /* MBSR_App.xcdatamodel */ = {isa = PBXFileReference; lastKnownFileType = wrapper.xcdatamodel; path = MBSR_App.xcdatamodel; sourceTree = "<group>"; };
		D13F64AF21C5A028000029E9 /* Assets.xcassets */ = {isa = PBXFileReference; lastKnownFileType = folder.assetcatalog; path = Assets.xcassets; sourceTree = "<group>"; };
		D13F64B221C5A028000029E9 /* Base */ = {isa = PBXFileReference; lastKnownFileType = file.storyboard; name = Base; path = Base.lproj/LaunchScreen.storyboard; sourceTree = "<group>"; };
		D13F64B421C5A028000029E9 /* Info.plist */ = {isa = PBXFileReference; lastKnownFileType = text.plist.xml; path = Info.plist; sourceTree = "<group>"; };
		D13F64BD21C6B3E8000029E9 /* CoreData.swift */ = {isa = PBXFileReference; lastKnownFileType = sourcecode.swift; path = CoreData.swift; sourceTree = "<group>"; };
		D178E8C021CAF1020060B038 /* WeekTableViewController.swift */ = {isa = PBXFileReference; lastKnownFileType = sourcecode.swift; path = WeekTableViewController.swift; sourceTree = "<group>"; };
		D178E8C221CAF2990060B038 /* WeekTableViewCell.swift */ = {isa = PBXFileReference; lastKnownFileType = sourcecode.swift; path = WeekTableViewCell.swift; sourceTree = "<group>"; };
		D178E8C421CAF4890060B038 /* WeekDetailViewController.swift */ = {isa = PBXFileReference; lastKnownFileType = sourcecode.swift; path = WeekDetailViewController.swift; sourceTree = "<group>"; };
		D178E8C621CAF75C0060B038 /* data.json */ = {isa = PBXFileReference; lastKnownFileType = text.json; path = data.json; sourceTree = "<group>"; xcLanguageSpecificationIdentifier = xcode.lang.json; };
		D1A874D921CF280900434BEB /* MSBRContent.swift */ = {isa = PBXFileReference; lastKnownFileType = sourcecode.swift; path = MSBRContent.swift; sourceTree = "<group>"; };
		D1A874DB21CF422000434BEB /* WeekOutlineTableView.swift */ = {isa = PBXFileReference; lastKnownFileType = sourcecode.swift; path = WeekOutlineTableView.swift; sourceTree = "<group>"; };
		D1A874DD21CF42A200434BEB /* WeekOutlineTableViewDelegate.swift */ = {isa = PBXFileReference; lastKnownFileType = sourcecode.swift; path = WeekOutlineTableViewDelegate.swift; sourceTree = "<group>"; };
/* End PBXFileReference section */

/* Begin PBXFrameworksBuildPhase section */
		D13F649F21C5A027000029E9 /* Frameworks */ = {
			isa = PBXFrameworksBuildPhase;
			buildActionMask = 2147483647;
			files = (
			);
			runOnlyForDeploymentPostprocessing = 0;
		};
/* End PBXFrameworksBuildPhase section */

/* Begin PBXGroup section */
		D13D594C21CADFE5004FBEC1 /* View Controllers */ = {
			isa = PBXGroup;
			children = (
				D178E8C021CAF1020060B038 /* WeekTableViewController.swift */,
				D178E8C221CAF2990060B038 /* WeekTableViewCell.swift */,
				D178E8C421CAF4890060B038 /* WeekDetailViewController.swift */,
				D1A874DB21CF422000434BEB /* WeekOutlineTableView.swift */,
				D13721A321D19CB300E38A88 /* WeekOutlineTableViewCell.swift */,
				D138CC9121DAB1A200CA4190 /* PracticesCollectionViewController.swift */,
			);
			path = "View Controllers";
			sourceTree = "<group>";
		};
		D13D594D21CADFF4004FBEC1 /* Model */ = {
			isa = PBXGroup;
			children = (
				D13F64BD21C6B3E8000029E9 /* CoreData.swift */,
				D178E8C621CAF75C0060B038 /* data.json */,
				D13D594F21CAE9B7004FBEC1 /* MBSR.swift */,
				D1A874D921CF280900434BEB /* MSBRContent.swift */,
				D13F64AC21C5A027000029E9 /* MBSR-Model.xcdatamodeld */,
			);
			path = Model;
			sourceTree = "<group>";
		};
		D13D594E21CAE028004FBEC1 /* Resources */ = {
			isa = PBXGroup;
			children = (
				D13F64A921C5A027000029E9 /* Main.storyboard */,
				D13F64B121C5A028000029E9 /* LaunchScreen.storyboard */,
			);
			path = Resources;
			sourceTree = "<group>";
		};
		D13F649921C5A027000029E9 = {
			isa = PBXGroup;
			children = (
				D13F64A421C5A027000029E9 /* MBSR-App */,
				D13F64A321C5A027000029E9 /* Products */,
			);
			sourceTree = "<group>";
		};
		D13F64A321C5A027000029E9 /* Products */ = {
			isa = PBXGroup;
			children = (
				D13F64A221C5A027000029E9 /* MBSR-App.app */,
			);
			name = Products;
			sourceTree = "<group>";
		};
		D13F64A421C5A027000029E9 /* MBSR-App */ = {
			isa = PBXGroup;
			children = (
				D13F64A521C5A027000029E9 /* AppDelegate.swift */,
				D1A874DD21CF42A200434BEB /* WeekOutlineTableViewDelegate.swift */,
				D13D594D21CADFF4004FBEC1 /* Model */,
				D13D594C21CADFE5004FBEC1 /* View Controllers */,
				D13D594E21CAE028004FBEC1 /* Resources */,
				D13F64AF21C5A028000029E9 /* Assets.xcassets */,
				D13F64B421C5A028000029E9 /* Info.plist */,
			);
			path = "MBSR-App";
			sourceTree = "<group>";
		};
/* End PBXGroup section */

/* Begin PBXNativeTarget section */
		D13F64A121C5A027000029E9 /* MBSR-App */ = {
			isa = PBXNativeTarget;
			buildConfigurationList = D13F64B721C5A028000029E9 /* Build configuration list for PBXNativeTarget "MBSR-App" */;
			buildPhases = (
				D13F649E21C5A027000029E9 /* Sources */,
				D13F649F21C5A027000029E9 /* Frameworks */,
				D13F64A021C5A027000029E9 /* Resources */,
			);
			buildRules = (
			);
			dependencies = (
			);
			name = "MBSR-App";
			productName = "MBSR-App";
			productReference = D13F64A221C5A027000029E9 /* MBSR-App.app */;
			productType = "com.apple.product-type.application";
		};
/* End PBXNativeTarget section */

/* Begin PBXProject section */
		D13F649A21C5A027000029E9 /* Project object */ = {
			isa = PBXProject;
			attributes = {
				LastSwiftUpdateCheck = 1010;
				LastUpgradeCheck = 1010;
				ORGANIZATIONNAME = "Benjamin Hakes";
				TargetAttributes = {
					D13F64A121C5A027000029E9 = {
						CreatedOnToolsVersion = 10.1;
					};
				};
			};
			buildConfigurationList = D13F649D21C5A027000029E9 /* Build configuration list for PBXProject "MBSR-App" */;
			compatibilityVersion = "Xcode 9.3";
			developmentRegion = en;
			hasScannedForEncodings = 0;
			knownRegions = (
				en,
				Base,
			);
			mainGroup = D13F649921C5A027000029E9;
			productRefGroup = D13F64A321C5A027000029E9 /* Products */;
			projectDirPath = "";
			projectRoot = "";
			targets = (
				D13F64A121C5A027000029E9 /* MBSR-App */,
			);
		};
/* End PBXProject section */

/* Begin PBXResourcesBuildPhase section */
		D13F64A021C5A027000029E9 /* Resources */ = {
			isa = PBXResourcesBuildPhase;
			buildActionMask = 2147483647;
			files = (
				D13F64B321C5A028000029E9 /* LaunchScreen.storyboard in Resources */,
				D13F64B021C5A028000029E9 /* Assets.xcassets in Resources */,
				D13F64AB21C5A027000029E9 /* Main.storyboard in Resources */,
				D178E8C721CAF75C0060B038 /* data.json in Resources */,
			);
			runOnlyForDeploymentPostprocessing = 0;
		};
/* End PBXResourcesBuildPhase section */

/* Begin PBXSourcesBuildPhase section */
		D13F649E21C5A027000029E9 /* Sources */ = {
			isa = PBXSourcesBuildPhase;
			buildActionMask = 2147483647;
			files = (
				D1A874DE21CF42A200434BEB /* WeekOutlineTableViewDelegate.swift in Sources */,
				D13F64AE21C5A027000029E9 /* MBSR-Model.xcdatamodeld in Sources */,
				D178E8C321CAF2990060B038 /* WeekTableViewCell.swift in Sources */,
				D13F64A621C5A027000029E9 /* AppDelegate.swift in Sources */,
				D178E8C521CAF4890060B038 /* WeekDetailViewController.swift in Sources */,
				D1A874DA21CF280900434BEB /* MSBRContent.swift in Sources */,
				D1A874DC21CF422000434BEB /* WeekOutlineTableView.swift in Sources */,
				D138CC9221DAB1A200CA4190 /* PracticesCollectionViewController.swift in Sources */,
				D13D595021CAE9B7004FBEC1 /* MBSR.swift in Sources */,
				D13F64BE21C6B3E8000029E9 /* CoreData.swift in Sources */,
				D178E8C121CAF1020060B038 /* WeekTableViewController.swift in Sources */,
				D13721A421D19CB300E38A88 /* WeekOutlineTableViewCell.swift in Sources */,
			);
			runOnlyForDeploymentPostprocessing = 0;
		};
/* End PBXSourcesBuildPhase section */

/* Begin PBXVariantGroup section */
		D13F64A921C5A027000029E9 /* Main.storyboard */ = {
			isa = PBXVariantGroup;
			children = (
				D13F64AA21C5A027000029E9 /* Base */,
			);
			name = Main.storyboard;
			sourceTree = "<group>";
		};
		D13F64B121C5A028000029E9 /* LaunchScreen.storyboard */ = {
			isa = PBXVariantGroup;
			children = (
				D13F64B221C5A028000029E9 /* Base */,
			);
			name = LaunchScreen.storyboard;
			sourceTree = "<group>";
		};
/* End PBXVariantGroup section */

/* Begin XCBuildConfiguration section */
		D13F64B521C5A028000029E9 /* Debug */ = {
			isa = XCBuildConfiguration;
			buildSettings = {
				ALWAYS_SEARCH_USER_PATHS = NO;
				CLANG_ANALYZER_NONNULL = YES;
				CLANG_ANALYZER_NUMBER_OBJECT_CONVERSION = YES_AGGRESSIVE;
				CLANG_CXX_LANGUAGE_STANDARD = "gnu++14";
				CLANG_CXX_LIBRARY = "libc++";
				CLANG_ENABLE_MODULES = YES;
				CLANG_ENABLE_OBJC_ARC = YES;
				CLANG_ENABLE_OBJC_WEAK = YES;
				CLANG_WARN_BLOCK_CAPTURE_AUTORELEASING = YES;
				CLANG_WARN_BOOL_CONVERSION = YES;
				CLANG_WARN_COMMA = YES;
				CLANG_WARN_CONSTANT_CONVERSION = YES;
				CLANG_WARN_DEPRECATED_OBJC_IMPLEMENTATIONS = YES;
				CLANG_WARN_DIRECT_OBJC_ISA_USAGE = YES_ERROR;
				CLANG_WARN_DOCUMENTATION_COMMENTS = YES;
				CLANG_WARN_EMPTY_BODY = YES;
				CLANG_WARN_ENUM_CONVERSION = YES;
				CLANG_WARN_INFINITE_RECURSION = YES;
				CLANG_WARN_INT_CONVERSION = YES;
				CLANG_WARN_NON_LITERAL_NULL_CONVERSION = YES;
				CLANG_WARN_OBJC_IMPLICIT_RETAIN_SELF = YES;
				CLANG_WARN_OBJC_LITERAL_CONVERSION = YES;
				CLANG_WARN_OBJC_ROOT_CLASS = YES_ERROR;
				CLANG_WARN_RANGE_LOOP_ANALYSIS = YES;
				CLANG_WARN_STRICT_PROTOTYPES = YES;
				CLANG_WARN_SUSPICIOUS_MOVE = YES;
				CLANG_WARN_UNGUARDED_AVAILABILITY = YES_AGGRESSIVE;
				CLANG_WARN_UNREACHABLE_CODE = YES;
				CLANG_WARN__DUPLICATE_METHOD_MATCH = YES;
				CODE_SIGN_IDENTITY = "iPhone Developer";
				COPY_PHASE_STRIP = NO;
				DEBUG_INFORMATION_FORMAT = dwarf;
				ENABLE_STRICT_OBJC_MSGSEND = YES;
				ENABLE_TESTABILITY = YES;
				GCC_C_LANGUAGE_STANDARD = gnu11;
				GCC_DYNAMIC_NO_PIC = NO;
				GCC_NO_COMMON_BLOCKS = YES;
				GCC_OPTIMIZATION_LEVEL = 0;
				GCC_PREPROCESSOR_DEFINITIONS = (
					"DEBUG=1",
					"$(inherited)",
				);
				GCC_WARN_64_TO_32_BIT_CONVERSION = YES;
				GCC_WARN_ABOUT_RETURN_TYPE = YES_ERROR;
				GCC_WARN_UNDECLARED_SELECTOR = YES;
				GCC_WARN_UNINITIALIZED_AUTOS = YES_AGGRESSIVE;
				GCC_WARN_UNUSED_FUNCTION = YES;
				GCC_WARN_UNUSED_VARIABLE = YES;
				IPHONEOS_DEPLOYMENT_TARGET = 12.1;
				MTL_ENABLE_DEBUG_INFO = INCLUDE_SOURCE;
				MTL_FAST_MATH = YES;
				ONLY_ACTIVE_ARCH = YES;
				SDKROOT = iphoneos;
				SWIFT_ACTIVE_COMPILATION_CONDITIONS = DEBUG;
				SWIFT_OPTIMIZATION_LEVEL = "-Onone";
			};
			name = Debug;
		};
		D13F64B621C5A028000029E9 /* Release */ = {
			isa = XCBuildConfiguration;
			buildSettings = {
				ALWAYS_SEARCH_USER_PATHS = NO;
				CLANG_ANALYZER_NONNULL = YES;
				CLANG_ANALYZER_NUMBER_OBJECT_CONVERSION = YES_AGGRESSIVE;
				CLANG_CXX_LANGUAGE_STANDARD = "gnu++14";
				CLANG_CXX_LIBRARY = "libc++";
				CLANG_ENABLE_MODULES = YES;
				CLANG_ENABLE_OBJC_ARC = YES;
				CLANG_ENABLE_OBJC_WEAK = YES;
				CLANG_WARN_BLOCK_CAPTURE_AUTORELEASING = YES;
				CLANG_WARN_BOOL_CONVERSION = YES;
				CLANG_WARN_COMMA = YES;
				CLANG_WARN_CONSTANT_CONVERSION = YES;
				CLANG_WARN_DEPRECATED_OBJC_IMPLEMENTATIONS = YES;
				CLANG_WARN_DIRECT_OBJC_ISA_USAGE = YES_ERROR;
				CLANG_WARN_DOCUMENTATION_COMMENTS = YES;
				CLANG_WARN_EMPTY_BODY = YES;
				CLANG_WARN_ENUM_CONVERSION = YES;
				CLANG_WARN_INFINITE_RECURSION = YES;
				CLANG_WARN_INT_CONVERSION = YES;
				CLANG_WARN_NON_LITERAL_NULL_CONVERSION = YES;
				CLANG_WARN_OBJC_IMPLICIT_RETAIN_SELF = YES;
				CLANG_WARN_OBJC_LITERAL_CONVERSION = YES;
				CLANG_WARN_OBJC_ROOT_CLASS = YES_ERROR;
				CLANG_WARN_RANGE_LOOP_ANALYSIS = YES;
				CLANG_WARN_STRICT_PROTOTYPES = YES;
				CLANG_WARN_SUSPICIOUS_MOVE = YES;
				CLANG_WARN_UNGUARDED_AVAILABILITY = YES_AGGRESSIVE;
				CLANG_WARN_UNREACHABLE_CODE = YES;
				CLANG_WARN__DUPLICATE_METHOD_MATCH = YES;
				CODE_SIGN_IDENTITY = "iPhone Developer";
				COPY_PHASE_STRIP = NO;
				DEBUG_INFORMATION_FORMAT = "dwarf-with-dsym";
				ENABLE_NS_ASSERTIONS = NO;
				ENABLE_STRICT_OBJC_MSGSEND = YES;
				GCC_C_LANGUAGE_STANDARD = gnu11;
				GCC_NO_COMMON_BLOCKS = YES;
				GCC_WARN_64_TO_32_BIT_CONVERSION = YES;
				GCC_WARN_ABOUT_RETURN_TYPE = YES_ERROR;
				GCC_WARN_UNDECLARED_SELECTOR = YES;
				GCC_WARN_UNINITIALIZED_AUTOS = YES_AGGRESSIVE;
				GCC_WARN_UNUSED_FUNCTION = YES;
				GCC_WARN_UNUSED_VARIABLE = YES;
				IPHONEOS_DEPLOYMENT_TARGET = 12.1;
				MTL_ENABLE_DEBUG_INFO = NO;
				MTL_FAST_MATH = YES;
				SDKROOT = iphoneos;
				SWIFT_COMPILATION_MODE = wholemodule;
				SWIFT_OPTIMIZATION_LEVEL = "-O";
				VALIDATE_PRODUCT = YES;
			};
			name = Release;
		};
		D13F64B821C5A028000029E9 /* Debug */ = {
			isa = XCBuildConfiguration;
			buildSettings = {
				ASSETCATALOG_COMPILER_APPICON_NAME = AppIcon;
				CODE_SIGN_STYLE = Automatic;
				DEVELOPMENT_TEAM = 7LHTMK9AWG;
				INFOPLIST_FILE = "MBSR-App/Info.plist";
				LD_RUNPATH_SEARCH_PATHS = (
					"$(inherited)",
					"@executable_path/Frameworks",
				);
				PRODUCT_BUNDLE_IDENTIFIER = "com.mettabits.MBSR-App";
				PRODUCT_NAME = "$(TARGET_NAME)";
				SWIFT_VERSION = 4.2;
				TARGETED_DEVICE_FAMILY = "1,2";
			};
			name = Debug;
		};
		D13F64B921C5A028000029E9 /* Release */ = {
			isa = XCBuildConfiguration;
			buildSettings = {
				ASSETCATALOG_COMPILER_APPICON_NAME = AppIcon;
				CODE_SIGN_STYLE = Automatic;
				DEVELOPMENT_TEAM = 7LHTMK9AWG;
				INFOPLIST_FILE = "MBSR-App/Info.plist";
				LD_RUNPATH_SEARCH_PATHS = (
					"$(inherited)",
					"@executable_path/Frameworks",
				);
				PRODUCT_BUNDLE_IDENTIFIER = "com.mettabits.MBSR-App";
				PRODUCT_NAME = "$(TARGET_NAME)";
				SWIFT_VERSION = 4.2;
				TARGETED_DEVICE_FAMILY = "1,2";
			};
			name = Release;
		};
/* End XCBuildConfiguration section */

/* Begin XCConfigurationList section */
		D13F649D21C5A027000029E9 /* Build configuration list for PBXProject "MBSR-App" */ = {
			isa = XCConfigurationList;
			buildConfigurations = (
				D13F64B521C5A028000029E9 /* Debug */,
				D13F64B621C5A028000029E9 /* Release */,
			);
			defaultConfigurationIsVisible = 0;
			defaultConfigurationName = Release;
		};
		D13F64B721C5A028000029E9 /* Build configuration list for PBXNativeTarget "MBSR-App" */ = {
			isa = XCConfigurationList;
			buildConfigurations = (
				D13F64B821C5A028000029E9 /* Debug */,
				D13F64B921C5A028000029E9 /* Release */,
			);
			defaultConfigurationIsVisible = 0;
			defaultConfigurationName = Release;
		};
/* End XCConfigurationList section */

/* Begin XCVersionGroup section */
		D13F64AC21C5A027000029E9 /* MBSR-Model.xcdatamodeld */ = {
			isa = XCVersionGroup;
			children = (
				D13F64AD21C5A027000029E9 /* MBSR_App.xcdatamodel */,
			);
			currentVersion = D13F64AD21C5A027000029E9 /* MBSR_App.xcdatamodel */;
			path = "MBSR-Model.xcdatamodeld";
			sourceTree = "<group>";
			versionGroupType = wrapper.xcdatamodel;
		};
/* End XCVersionGroup section */
	};
	rootObject = D13F649A21C5A027000029E9 /* Project object */;
}
